
Microsoft Visual Studio Solution File, Format Version 12.00
# Visual Studio Version 18
VisualStudioVersion = 18.5.11612.153 insiders
MinimumVisualStudioVersion = 10.0.40219.1
Project("{8BC9CEB8-8B4A-11D0-8D11-00A0C91BC942}") = "metin_arama", "metin_arama.vcxproj", "{17929D4B-0BF2-BBD8-7E8C-0331F500E133}"
EndProject
Global
	GlobalSection(SolutionConfigurationPlatforms) = preSolution
		Debug|x64 = Debug|x64
		Debug|x86 = Debug|x86
		Release|x64 = Release|x64
		Release|x86 = Release|x86
	EndGlobalSection
	GlobalSection(ProjectConfigurationPlatforms) = postSolution
		{17929D4B-0BF2-BBD8-7E8C-0331F500E133}.Debug|x64.ActiveCfg = Debug|x64
		{17929D4B-0BF2-BBD8-7E8C-0331F500E133}.Debug|x64.Build.0 = Debug|x64
		{17929D4B-0BF2-BBD8-7E8C-0331F500E133}.Debug|x86.ActiveCfg = Debug|Win32
		{17929D4B-0BF2-BBD8-7E8C-0331F500E133}.Debug|x86.Build.0 = Debug|Win32
		{17929D4B-0BF2-BBD8-7E8C-0331F500E133}.Release|x64.ActiveCfg = Release|x64
		{17929D4B-0BF2-BBD8-7E8C-0331F500E133}.Release|x64.Build.0 = Release|x64
		{17929D4B-0BF2-BBD8-7E8C-0331F500E133}.Release|x86.ActiveCfg = Release|Win32
		{17929D4B-0BF2-BBD8-7E8C-0331F500E133}.Release|x86.Build.0 = Release|Win32
	EndGlobalSection
	GlobalSection(SolutionProperties) = preSolution
		HideSolutionNode = FALSE
	EndGlobalSection
	GlobalSection(ExtensibilityGlobals) = postSolution
		SolutionGuid = {3B29351A-C12C-425E-A4D9-A15AD82B84D5}
	EndGlobalSection
EndGlobal
